
Microsoft Visual Studio Solution File, Format Version 12.00
# Visual Studio 15
VisualStudioVersion = 15.0.27428.1
MinimumVisualStudioVersion = 10.0.40219.1
Project("{FAE04EC0-301F-11D3-BF4B-00C04F79EFBC}") = "webLabInfo", "webLabInfo\webLabInfo.csproj", "{3A597415-C88E-4095-BF6B-54CC891B5222}"
EndProject
Project("{FAE04EC0-301F-11D3-BF4B-00C04F79EFBC}") = "Entidade", "Entidade\Entidade.csproj", "{3EC3518E-596E-4774-A223-E180AA250D87}"
EndProject
Project("{FAE04EC0-301F-11D3-BF4B-00C04F79EFBC}") = "Persistencia", "Persistencia\Persistencia.csproj", "{ABFD5A12-CD52-4632-96C3-00DD8D1E7BE6}"
EndProject
Project("{FAE04EC0-301F-11D3-BF4B-00C04F79EFBC}") = "ServicoWCF", "ServicoWCF\ServicoWCF.csproj", "{39CAFCA9-31AC-47AF-ABA2-07F324F1A203}"
EndProject
Global
	GlobalSection(SolutionConfigurationPlatforms) = preSolution
		Debug|Any CPU = Debug|Any CPU
		Release|Any CPU = Release|Any CPU
	EndGlobalSection
	GlobalSection(ProjectConfigurationPlatforms) = postSolution
		{3A597415-C88E-4095-BF6B-54CC891B5222}.Debug|Any CPU.ActiveCfg = Debug|Any CPU
		{3A597415-C88E-4095-BF6B-54CC891B5222}.Debug|Any CPU.Build.0 = Debug|Any CPU
		{3A597415-C88E-4095-BF6B-54CC891B5222}.Release|Any CPU.ActiveCfg = Release|Any CPU
		{3A597415-C88E-4095-BF6B-54CC891B5222}.Release|Any CPU.Build.0 = Release|Any CPU
		{3EC3518E-596E-4774-A223-E180AA250D87}.Debug|Any CPU.ActiveCfg = Debug|Any CPU
		{3EC3518E-596E-4774-A223-E180AA250D87}.Debug|Any CPU.Build.0 = Debug|Any CPU
		{3EC3518E-596E-4774-A223-E180AA250D87}.Release|Any CPU.ActiveCfg = Release|Any CPU
		{3EC3518E-596E-4774-A223-E180AA250D87}.Release|Any CPU.Build.0 = Release|Any CPU
		{ABFD5A12-CD52-4632-96C3-00DD8D1E7BE6}.Debug|Any CPU.ActiveCfg = Debug|Any CPU
		{ABFD5A12-CD52-4632-96C3-00DD8D1E7BE6}.Debug|Any CPU.Build.0 = Debug|Any CPU
		{ABFD5A12-CD52-4632-96C3-00DD8D1E7BE6}.Release|Any CPU.ActiveCfg = Release|Any CPU
		{ABFD5A12-CD52-4632-96C3-00DD8D1E7BE6}.Release|Any CPU.Build.0 = Release|Any CPU
		{39CAFCA9-31AC-47AF-ABA2-07F324F1A203}.Debug|Any CPU.ActiveCfg = Debug|Any CPU
		{39CAFCA9-31AC-47AF-ABA2-07F324F1A203}.Debug|Any CPU.Build.0 = Debug|Any CPU
		{39CAFCA9-31AC-47AF-ABA2-07F324F1A203}.Release|Any CPU.ActiveCfg = Release|Any CPU
		{39CAFCA9-31AC-47AF-ABA2-07F324F1A203}.Release|Any CPU.Build.0 = Release|Any CPU
	EndGlobalSection
	GlobalSection(SolutionProperties) = preSolution
		HideSolutionNode = FALSE
	EndGlobalSection
	GlobalSection(ExtensibilityGlobals) = postSolution
		SolutionGuid = {48678DB6-B929-4990-B8E3-68C45E363A63}
	EndGlobalSection
EndGlobal
